schema: '2.0'
stages:
  data_ingestion:
    cmd: python src/data_ingestion.py
    deps:
    - path: src/data_ingestion.py
      hash: md5
      md5: 68c1b9843d784b5f5780e609c92034be
      size: 2568
    - path: student_exam_scores.csv
      hash: md5
      md5: 000522f5589345606f3e19ca9e7dfb99
      size: 5321
    outs:
    - path: data/raw/student_exam_scores.csv
      hash: md5
      md5: 000522f5589345606f3e19ca9e7dfb99
      size: 5321
  data_preprocessing:
    cmd: python src/data_preprocessing.py
    deps:
    - path: data/raw/student_exam_scores.csv
      hash: md5
      md5: 000522f5589345606f3e19ca9e7dfb99
      size: 5321
    - path: params.yaml
      hash: md5
      md5: b1b41558248ab1c1d7709adf83304eab
      size: 56
    - path: src/data_preprocessing.py
      hash: md5
      md5: 6ad66c0fae7b89a64a9e697bd19b57ac
      size: 6100
    params:
      params.yaml:
        data_preprocessing.random_state: 50
        data_preprocessing.test_size: 0.3
    outs:
    - path: data/processed/test.csv
      hash: md5
      md5: 1e047da8cd76e8be9a1bad99cd86fd08
      size: 1086
    - path: data/processed/train.csv
      hash: md5
      md5: 0c3691e4933ad52f94d469823e8895f6
      size: 2472
  model_training:
    cmd: python src/model_training.py
    deps:
    - path: data/processed/train.csv
      hash: md5
      md5: 0c3691e4933ad52f94d469823e8895f6
      size: 2472
    - path: src/model_training.py
      hash: md5
      md5: 1dd7b8a2db1069019877a3da4a3bb0cf
      size: 3919
    outs:
    - path: models/student_marks_prediction.joblib
      hash: md5
      md5: 5070da6910738c6a7c36051fda0b3405
      size: 975
  model_evaluation:
    cmd: python src/model_evaluation.py
    deps:
    - path: data/processed/test.csv
      hash: md5
      md5: 1e047da8cd76e8be9a1bad99cd86fd08
      size: 1086
    - path: models/student_marks_prediction.joblib
      hash: md5
      md5: 5070da6910738c6a7c36051fda0b3405
      size: 975
    - path: src/model_evaluation.py
      hash: md5
      md5: da86975492a2cb96a7f55e3af9a7537d
      size: 5083
    outs:
    - path: reports/metrics.json
      hash: md5
      md5: d2ae85f3453f8d81999f4c8512c25b8b
      size: 84
