schema: '2.0'
stages:
  data_ingestion:
    cmd: python src/data_ingestion.py
    deps:
    - path: src/data_ingestion.py
      hash: md5
      md5: 68c1b9843d784b5f5780e609c92034be
      size: 2568
    - path: student_exam_scores.csv
      hash: md5
      md5: 000522f5589345606f3e19ca9e7dfb99
      size: 5321
    outs:
    - path: data/raw/student_exam_scores.csv
      hash: md5
      md5: 000522f5589345606f3e19ca9e7dfb99
      size: 5321
  data_preprocessing:
    cmd: python src/data_preprocessing.py
    deps:
    - path: data/raw/student_exam_scores.csv
      hash: md5
      md5: 000522f5589345606f3e19ca9e7dfb99
      size: 5321
    - path: params.yaml
      hash: md5
      md5: 6db248c0ee0c4c4868eb41acc70f99ac
      size: 56
    - path: src/data_preprocessing.py
      hash: md5
      md5: 6ad66c0fae7b89a64a9e697bd19b57ac
      size: 6100
    params:
      params.yaml:
        data_preprocessing.random_state: 40
        data_preprocessing.test_size: 0.2
    outs:
    - path: data/processed/test.csv
      hash: md5
      md5: b5aa8770a56d08332ff475c998e878ea
      size: 744
    - path: data/processed/train.csv
      hash: md5
      md5: 0e4ae37667c27636c51feb40a68aee70
      size: 2814
  model_training:
    cmd: python src/model_training.py
    deps:
    - path: data/processed/train.csv
      hash: md5
      md5: 0e4ae37667c27636c51feb40a68aee70
      size: 2814
    - path: src/model_training.py
      hash: md5
      md5: 1306cde1dcf8d335bc961d001047b121
      size: 4556
    outs:
    - path: models/student_marks_prediction.joblib
      hash: md5
      md5: 079fdaeaccc92bec30f79e08ac830796
      size: 975
  model_evaluation:
    cmd: python src/model_evaluation.py
    deps:
    - path: data/processed/test.csv
      hash: md5
      md5: b5aa8770a56d08332ff475c998e878ea
      size: 744
    - path: models/student_marks_prediction.joblib
      hash: md5
      md5: 079fdaeaccc92bec30f79e08ac830796
      size: 975
    - path: src/model_evaluation.py
      hash: md5
      md5: 12cbb01797e8db4a059904b7df6b2ca1
      size: 6052
    outs:
    - path: reports/metrics.json
      hash: md5
      md5: 955c69a17e8328341d17049b33e25ddc
      size: 84
